// !$*UTF8*$!
{
	archiveVersion = 1;
	classes = {
	};
	objectVersion = 55;
	objects = {

/* Begin PBXBuildFile section */
		68628B92276EE939009FCA9A /* SUIColorizedAppApp.swift in Sources */ = {isa = PBXBuildFile; fileRef = 68628B91276EE939009FCA9A /* SUIColorizedAppApp.swift */; };
		68628B94276EE939009FCA9A /* ContentView.swift in Sources */ = {isa = PBXBuildFile; fileRef = 68628B93276EE939009FCA9A /* ContentView.swift */; };
		68628B96276EE93A009FCA9A /* Assets.xcassets in Resources */ = {isa = PBXBuildFile; fileRef = 68628B95276EE93A009FCA9A /* Assets.xcassets */; };
		68628B99276EE93A009FCA9A /* Preview Assets.xcassets in Resources */ = {isa = PBXBuildFile; fileRef = 68628B98276EE93A009FCA9A /* Preview Assets.xcassets */; };
		68628BA0276EE965009FCA9A /* ColorSlider.swift in Sources */ = {isa = PBXBuildFile; fileRef = 68628B9F276EE965009FCA9A /* ColorSlider.swift */; };
		68628BA2276EE982009FCA9A /* SliderValueLabel.swift in Sources */ = {isa = PBXBuildFile; fileRef = 68628BA1276EE982009FCA9A /* SliderValueLabel.swift */; };
		68628BA4276EE991009FCA9A /* SliderValueTF.swift in Sources */ = {isa = PBXBuildFile; fileRef = 68628BA3276EE991009FCA9A /* SliderValueTF.swift */; };
		68628BA6276EEF09009FCA9A /* ColorView.swift in Sources */ = {isa = PBXBuildFile; fileRef = 68628BA5276EEF09009FCA9A /* ColorView.swift */; };
/* End PBXBuildFile section */

/* Begin PBXFileReference section */
		68628B8E276EE939009FCA9A /* SUIColorizedApp.app */ = {isa = PBXFileReference; explicitFileType = wrapper.application; includeInIndex = 0; path = SUIColorizedApp.app; sourceTree = BUILT_PRODUCTS_DIR; };
		68628B91276EE939009FCA9A /* SUIColorizedAppApp.swift */ = {isa = PBXFileReference; lastKnownFileType = sourcecode.swift; path = SUIColorizedAppApp.swift; sourceTree = "<group>"; };
		68628B93276EE939009FCA9A /* ContentView.swift */ = {isa = PBXFileReference; lastKnownFileType = sourcecode.swift; path = ContentView.swift; sourceTree = "<group>"; };
		68628B95276EE93A009FCA9A /* Assets.xcassets */ = {isa = PBXFileReference; lastKnownFileType = folder.assetcatalog; path = Assets.xcassets; sourceTree = "<group>"; };
		68628B98276EE93A009FCA9A /* Preview Assets.xcassets */ = {isa = PBXFileReference; lastKnownFileType = folder.assetcatalog; path = "Preview Assets.xcassets"; sourceTree = "<group>"; };
		68628B9F276EE965009FCA9A /* ColorSlider.swift */ = {isa = PBXFileReference; lastKnownFileType = sourcecode.swift; path = ColorSlider.swift; sourceTree = "<group>"; };
		68628BA1276EE982009FCA9A /* SliderValueLabel.swift */ = {isa = PBXFileReference; lastKnownFileType = sourcecode.swift; path = SliderValueLabel.swift; sourceTree = "<group>"; };
		68628BA3276EE991009FCA9A /* SliderValueTF.swift */ = {isa = PBXFileReference; lastKnownFileType = sourcecode.swift; path = SliderValueTF.swift; sourceTree = "<group>"; };
		68628BA5276EEF09009FCA9A /* ColorView.swift */ = {isa = PBXFileReference; lastKnownFileType = sourcecode.swift; path = ColorView.swift; sourceTree = "<group>"; };
/* End PBXFileReference section */

/* Begin PBXFrameworksBuildPhase section */
		68628B8B276EE939009FCA9A /* Frameworks */ = {
			isa = PBXFrameworksBuildPhase;
			buildActionMask = 2147483647;
			files = (
			);
			runOnlyForDeploymentPostprocessing = 0;
		};
/* End PBXFrameworksBuildPhase section */

/* Begin PBXGroup section */
		68628B85276EE939009FCA9A = {
			isa = PBXGroup;
			children = (
				68628B90276EE939009FCA9A /* SUIColorizedApp */,
				68628B8F276EE939009FCA9A /* Products */,
			);
			sourceTree = "<group>";
		};
		68628B8F276EE939009FCA9A /* Products */ = {
			isa = PBXGroup;
			children = (
				68628B8E276EE939009FCA9A /* SUIColorizedApp.app */,
			);
			name = Products;
			sourceTree = "<group>";
		};
		68628B90276EE939009FCA9A /* SUIColorizedApp */ = {
			isa = PBXGroup;
			children = (
				68628B91276EE939009FCA9A /* SUIColorizedAppApp.swift */,
				68628B93276EE939009FCA9A /* ContentView.swift */,
				68628BA5276EEF09009FCA9A /* ColorView.swift */,
				68628B9F276EE965009FCA9A /* ColorSlider.swift */,
				68628BA1276EE982009FCA9A /* SliderValueLabel.swift */,
				68628BA3276EE991009FCA9A /* SliderValueTF.swift */,
				68628B95276EE93A009FCA9A /* Assets.xcassets */,
				68628B97276EE93A009FCA9A /* Preview Content */,
			);
			path = SUIColorizedApp;
			sourceTree = "<group>";
		};
		68628B97276EE93A009FCA9A /* Preview Content */ = {
			isa = PBXGroup;
			children = (
				68628B98276EE93A009FCA9A /* Preview Assets.xcassets */,
			);
			path = "Preview Content";
			sourceTree = "<group>";
		};
/* End PBXGroup section */

/* Begin PBXNativeTarget section */
		68628B8D276EE939009FCA9A /* SUIColorizedApp */ = {
			isa = PBXNativeTarget;
			buildConfigurationList = 68628B9C276EE93A009FCA9A /* Build configuration list for PBXNativeTarget "SUIColorizedApp" */;
			buildPhases = (
				68628B8A276EE939009FCA9A /* Sources */,
				68628B8B276EE939009FCA9A /* Frameworks */,
				68628B8C276EE939009FCA9A /* Resources */,
			);
			buildRules = (
			);
			dependencies = (
			);
			name = SUIColorizedApp;
			productName = SUIColorizedApp;
			productReference = 68628B8E276EE939009FCA9A /* SUIColorizedApp.app */;
			productType = "com.apple.product-type.application";
		};
/* End PBXNativeTarget section */

/* Begin PBXProject section */
		68628B86276EE939009FCA9A /* Project object */ = {
			isa = PBXProject;
			attributes = {
				BuildIndependentTargetsInParallel = 1;
				LastSwiftUpdateCheck = 1300;
				LastUpgradeCheck = 1300;
				TargetAttributes = {
					68628B8D276EE939009FCA9A = {
						CreatedOnToolsVersion = 13.0;
					};
				};
			};
			buildConfigurationList = 68628B89276EE939009FCA9A /* Build configuration list for PBXProject "SUIColorizedApp" */;
			compatibilityVersion = "Xcode 13.0";
			developmentRegion = en;
			hasScannedForEncodings = 0;
			knownRegions = (
				en,
				Base,
			);
			mainGroup = 68628B85276EE939009FCA9A;
			productRefGroup = 68628B8F276EE939009FCA9A /* Products */;
			projectDirPath = "";
			projectRoot = "";
			targets = (
				68628B8D276EE939009FCA9A /* SUIColorizedApp */,
			);
		};
/* End PBXProject section */

/* Begin PBXResourcesBuildPhase section */
		68628B8C276EE939009FCA9A /* Resources */ = {
			isa = PBXResourcesBuildPhase;
			buildActionMask = 2147483647;
			files = (
				68628B99276EE93A009FCA9A /* Preview Assets.xcassets in Resources */,
				68628B96276EE93A009FCA9A /* Assets.xcassets in Resources */,
			);
			runOnlyForDeploymentPostprocessing = 0;
		};
/* End PBXResourcesBuildPhase section */

/* Begin PBXSourcesBuildPhase section */
		68628B8A276EE939009FCA9A /* Sources */ = {
			isa = PBXSourcesBuildPhase;
			buildActionMask = 2147483647;
			files = (
				68628BA6276EEF09009FCA9A /* ColorView.swift in Sources */,
				68628BA4276EE991009FCA9A /* SliderValueTF.swift in Sources */,
				68628B94276EE939009FCA9A /* ContentView.swift in Sources */,
				68628BA0276EE965009FCA9A /* ColorSlider.swift in Sources */,
				68628B92276EE939009FCA9A /* SUIColorizedAppApp.swift in Sources */,
				68628BA2276EE982009FCA9A /* SliderValueLabel.swift in Sources */,
			);
			runOnlyForDeploymentPostprocessing = 0;
		};
/* End PBXSourcesBuildPhase section */

/* Begin XCBuildConfiguration section */
		68628B9A276EE93A009FCA9A /* Debug */ = {
			isa = XCBuildConfiguration;
			buildSettings = {
				ALWAYS_SEARCH_USER_PATHS = NO;
				CLANG_ANALYZER_NONNULL = YES;
				CLANG_ANALYZER_NUMBER_OBJECT_CONVERSION = YES_AGGRESSIVE;
				CLANG_CXX_LANGUAGE_STANDARD = "gnu++17";
				CLANG_CXX_LIBRARY = "libc++";
				CLANG_ENABLE_MODULES = YES;
				CLANG_ENABLE_OBJC_ARC = YES;
				CLANG_ENABLE_OBJC_WEAK = YES;
				CLANG_WARN_BLOCK_CAPTURE_AUTORELEASING = YES;
				CLANG_WARN_BOOL_CONVERSION = YES;
				CLANG_WARN_COMMA = YES;
				CLANG_WARN_CONSTANT_CONVERSION = YES;
				CLANG_WARN_DEPRECATED_OBJC_IMPLEMENTATIONS = YES;
				CLANG_WARN_DIRECT_OBJC_ISA_USAGE = YES_ERROR;
				CLANG_WARN_DOCUMENTATION_COMMENTS = YES;
				CLANG_WARN_EMPTY_BODY = YES;
				CLANG_WARN_ENUM_CONVERSION = YES;
				CLANG_WARN_INFINITE_RECURSION = YES;
				CLANG_WARN_INT_CONVERSION = YES;
				CLANG_WARN_NON_LITERAL_NULL_CONVERSION = YES;
				CLANG_WARN_OBJC_IMPLICIT_RETAIN_SELF = YES;
				CLANG_WARN_OBJC_LITERAL_CONVERSION = YES;
				CLANG_WARN_OBJC_ROOT_CLASS = YES_ERROR;
				CLANG_WARN_QUOTED_INCLUDE_IN_FRAMEWORK_HEADER = YES;
				CLANG_WARN_RANGE_LOOP_ANALYSIS = YES;
				CLANG_WARN_STRICT_PROTOTYPES = YES;
				CLANG_WARN_SUSPICIOUS_MOVE = YES;
				CLANG_WARN_UNGUARDED_AVAILABILITY = YES_AGGRESSIVE;
				CLANG_WARN_UNREACHABLE_CODE = YES;
				CLANG_WARN__DUPLICATE_METHOD_MATCH = YES;
				COPY_PHASE_STRIP = NO;
				DEBUG_INFORMATION_FORMAT = dwarf;
				ENABLE_STRICT_OBJC_MSGSEND = YES;
				ENABLE_TESTABILITY = YES;
				GCC_C_LANGUAGE_STANDARD = gnu11;
				GCC_DYNAMIC_NO_PIC = NO;
				GCC_NO_COMMON_BLOCKS = YES;
				GCC_OPTIMIZATION_LEVEL = 0;
				GCC_PREPROCESSOR_DEFINITIONS = (
					"DEBUG=1",
					"$(inherited)",
				);
				GCC_WARN_64_TO_32_BIT_CONVERSION = YES;
				GCC_WARN_ABOUT_RETURN_TYPE = YES_ERROR;
				GCC_WARN_UNDECLARED_SELECTOR = YES;
				GCC_WARN_UNINITIALIZED_AUTOS = YES_AGGRESSIVE;
				GCC_WARN_UNUSED_FUNCTION = YES;
				GCC_WARN_UNUSED_VARIABLE = YES;
				IPHONEOS_DEPLOYMENT_TARGET = 15.0;
				MTL_ENABLE_DEBUG_INFO = INCLUDE_SOURCE;
				MTL_FAST_MATH = YES;
				ONLY_ACTIVE_ARCH = YES;
				SDKROOT = iphoneos;
				SWIFT_ACTIVE_COMPILATION_CONDITIONS = DEBUG;
				SWIFT_OPTIMIZATION_LEVEL = "-Onone";
			};
			name = Debug;
		};
		68628B9B276EE93A009FCA9A /* Release */ = {
			isa = XCBuildConfiguration;
			buildSettings = {
				ALWAYS_SEARCH_USER_PATHS = NO;
				CLANG_ANALYZER_NONNULL = YES;
				CLANG_ANALYZER_NUMBER_OBJECT_CONVERSION = YES_AGGRESSIVE;
				CLANG_CXX_LANGUAGE_STANDARD = "gnu++17";
				CLANG_CXX_LIBRARY = "libc++";
				CLANG_ENABLE_MODULES = YES;
				CLANG_ENABLE_OBJC_ARC = YES;
				CLANG_ENABLE_OBJC_WEAK = YES;
				CLANG_WARN_BLOCK_CAPTURE_AUTORELEASING = YES;
				CLANG_WARN_BOOL_CONVERSION = YES;
				CLANG_WARN_COMMA = YES;
				CLANG_WARN_CONSTANT_CONVERSION = YES;
				CLANG_WARN_DEPRECATED_OBJC_IMPLEMENTATIONS = YES;
				CLANG_WARN_DIRECT_OBJC_ISA_USAGE = YES_ERROR;
				CLANG_WARN_DOCUMENTATION_COMMENTS = YES;
				CLANG_WARN_EMPTY_BODY = YES;
				CLANG_WARN_ENUM_CONVERSION = YES;
				CLANG_WARN_INFINITE_RECURSION = YES;
				CLANG_WARN_INT_CONVERSION = YES;
				CLANG_WARN_NON_LITERAL_NULL_CONVERSION = YES;
				CLANG_WARN_OBJC_IMPLICIT_RETAIN_SELF = YES;
				CLANG_WARN_OBJC_LITERAL_CONVERSION = YES;
				CLANG_WARN_OBJC_ROOT_CLASS = YES_ERROR;
				CLANG_WARN_QUOTED_INCLUDE_IN_FRAMEWORK_HEADER = YES;
				CLANG_WARN_RANGE_LOOP_ANALYSIS = YES;
				CLANG_WARN_STRICT_PROTOTYPES = YES;
				CLANG_WARN_SUSPICIOUS_MOVE = YES;
				CLANG_WARN_UNGUARDED_AVAILABILITY = YES_AGGRESSIVE;
				CLANG_WARN_UNREACHABLE_CODE = YES;
				CLANG_WARN__DUPLICATE_METHOD_MATCH = YES;
				COPY_PHASE_STRIP = NO;
				DEBUG_INFORMATION_FORMAT = "dwarf-with-dsym";
				ENABLE_NS_ASSERTIONS = NO;
				ENABLE_STRICT_OBJC_MSGSEND = YES;
				GCC_C_LANGUAGE_STANDARD = gnu11;
				GCC_NO_COMMON_BLOCKS = YES;
				GCC_WARN_64_TO_32_BIT_CONVERSION = YES;
				GCC_WARN_ABOUT_RETURN_TYPE = YES_ERROR;
				GCC_WARN_UNDECLARED_SELECTOR = YES;
				GCC_WARN_UNINITIALIZED_AUTOS = YES_AGGRESSIVE;
				GCC_WARN_UNUSED_FUNCTION = YES;
				GCC_WARN_UNUSED_VARIABLE = YES;
				IPHONEOS_DEPLOYMENT_TARGET = 15.0;
				MTL_ENABLE_DEBUG_INFO = NO;
				MTL_FAST_MATH = YES;
				SDKROOT = iphoneos;
				SWIFT_COMPILATION_MODE = wholemodule;
				SWIFT_OPTIMIZATION_LEVEL = "-O";
				VALIDATE_PRODUCT = YES;
			};
			name = Release;
		};
		68628B9D276EE93A009FCA9A /* Debug */ = {
			isa = XCBuildConfiguration;
			buildSettings = {
				ASSETCATALOG_COMPILER_APPICON_NAME = AppIcon;
				ASSETCATALOG_COMPILER_GLOBAL_ACCENT_COLOR_NAME = AccentColor;
				CODE_SIGN_STYLE = Automatic;
				CURRENT_PROJECT_VERSION = 1;
				DEVELOPMENT_ASSET_PATHS = "\"SUIColorizedApp/Preview Content\"";
				ENABLE_PREVIEWS = YES;
				GENERATE_INFOPLIST_FILE = YES;
				INFOPLIST_KEY_UIApplicationSceneManifest_Generation = YES;
				INFOPLIST_KEY_UIApplicationSupportsIndirectInputEvents = YES;
				INFOPLIST_KEY_UILaunchScreen_Generation = YES;
				INFOPLIST_KEY_UISupportedInterfaceOrientations_iPad = "UIInterfaceOrientationPortrait UIInterfaceOrientationPortraitUpsideDown UIInterfaceOrientationLandscapeLeft UIInterfaceOrientationLandscapeRight";
				INFOPLIST_KEY_UISupportedInterfaceOrientations_iPhone = "UIInterfaceOrientationPortrait UIInterfaceOrientationLandscapeLeft UIInterfaceOrientationLandscapeRight";
				IPHONEOS_DEPLOYMENT_TARGET = 14.0;
				LD_RUNPATH_SEARCH_PATHS = (
					"$(inherited)",
					"@executable_path/Frameworks",
				);
				MARKETING_VERSION = 1.0;
				PRODUCT_BUNDLE_IDENTIFIER = com.deluxesss092.SUIColorizedApp;
				PRODUCT_NAME = "$(TARGET_NAME)";
				SWIFT_EMIT_LOC_STRINGS = YES;
				SWIFT_VERSION = 5.0;
				TARGETED_DEVICE_FAMILY = "1,2";
			};
			name = Debug;
		};
		68628B9E276EE93A009FCA9A /* Release */ = {
			isa = XCBuildConfiguration;
			buildSettings = {
				ASSETCATALOG_COMPILER_APPICON_NAME = AppIcon;
				ASSETCATALOG_COMPILER_GLOBAL_ACCENT_COLOR_NAME = AccentColor;
				CODE_SIGN_STYLE = Automatic;
				CURRENT_PROJECT_VERSION = 1;
				DEVELOPMENT_ASSET_PATHS = "\"SUIColorizedApp/Preview Content\"";
				ENABLE_PREVIEWS = YES;
				GENERATE_INFOPLIST_FILE = YES;
				INFOPLIST_KEY_UIApplicationSceneManifest_Generation = YES;
				INFOPLIST_KEY_UIApplicationSupportsIndirectInputEvents = YES;
				INFOPLIST_KEY_UILaunchScreen_Generation = YES;
				INFOPLIST_KEY_UISupportedInterfaceOrientations_iPad = "UIInterfaceOrientationPortrait UIInterfaceOrientationPortraitUpsideDown UIInterfaceOrientationLandscapeLeft UIInterfaceOrientationLandscapeRight";
				INFOPLIST_KEY_UISupportedInterfaceOrientations_iPhone = "UIInterfaceOrientationPortrait UIInterfaceOrientationLandscapeLeft UIInterfaceOrientationLandscapeRight";
				IPHONEOS_DEPLOYMENT_TARGET = 14.0;
				LD_RUNPATH_SEARCH_PATHS = (
					"$(inherited)",
					"@executable_path/Frameworks",
				);
				MARKETING_VERSION = 1.0;
				PRODUCT_BUNDLE_IDENTIFIER = com.deluxesss092.SUIColorizedApp;
				PRODUCT_NAME = "$(TARGET_NAME)";
				SWIFT_EMIT_LOC_STRINGS = YES;
				SWIFT_VERSION = 5.0;
				TARGETED_DEVICE_FAMILY = "1,2";
			};
			name = Release;
		};
/* End XCBuildConfiguration section */

/* Begin XCConfigurationList section */
		68628B89276EE939009FCA9A /* Build configuration list for PBXProject "SUIColorizedApp" */ = {
			isa = XCConfigurationList;
			buildConfigurations = (
				68628B9A276EE93A009FCA9A /* Debug */,
				68628B9B276EE93A009FCA9A /* Release */,
			);
			defaultConfigurationIsVisible = 0;
			defaultConfigurationName = Release;
		};
		68628B9C276EE93A009FCA9A /* Build configuration list for PBXNativeTarget "SUIColorizedApp" */ = {
			isa = XCConfigurationList;
			buildConfigurations = (
				68628B9D276EE93A009FCA9A /* Debug */,
				68628B9E276EE93A009FCA9A /* Release */,
			);
			defaultConfigurationIsVisible = 0;
			defaultConfigurationName = Release;
		};
/* End XCConfigurationList section */
	};
	rootObject = 68628B86276EE939009FCA9A /* Project object */;
}
